
Microsoft Visual Studio Solution File, Format Version 12.00
# Visual Studio Version 17
VisualStudioVersion = 17.2.32630.192
MinimumVisualStudioVersion = 10.0.40219.1
Project("{9A19103F-16F7-4668-BE54-9A1E7A4F7556}") = "Accounting_of_goods", "Accounting_of_goods\Accounting_of_goods.csproj", "{EB3D3F75-97E2-4DF2-A9BA-E6060097EB8E}"
EndProject
Project("{9A19103F-16F7-4668-BE54-9A1E7A4F7556}") = "DAL", "DAL\DAL.csproj", "{251D15E5-5C3C-4B43-A1BA-01A08CB23468}"
EndProject
Project("{9A19103F-16F7-4668-BE54-9A1E7A4F7556}") = "BLL", "BLL\BLL.csproj", "{81F97C27-76BC-4E0F-8165-C13F5DD55891}"
EndProject
Project("{9A19103F-16F7-4668-BE54-9A1E7A4F7556}") = "Tests", "UnitOfWorkTest\Tests.csproj", "{3142A60A-C7F8-4633-B51D-21856DCDA253}"
EndProject
Project("{FAE04EC0-301F-11D3-BF4B-00C04F79EFBC}") = "PL", "PL\PL.csproj", "{9B02F144-6C0E-4D28-99AF-662653FC5F9A}"
EndProject
Global
	GlobalSection(SolutionConfigurationPlatforms) = preSolution
		Debug|Any CPU = Debug|Any CPU
		Release|Any CPU = Release|Any CPU
	EndGlobalSection
	GlobalSection(ProjectConfigurationPlatforms) = postSolution
		{EB3D3F75-97E2-4DF2-A9BA-E6060097EB8E}.Debug|Any CPU.ActiveCfg = Debug|Any CPU
		{EB3D3F75-97E2-4DF2-A9BA-E6060097EB8E}.Debug|Any CPU.Build.0 = Debug|Any CPU
		{EB3D3F75-97E2-4DF2-A9BA-E6060097EB8E}.Release|Any CPU.ActiveCfg = Release|Any CPU
		{EB3D3F75-97E2-4DF2-A9BA-E6060097EB8E}.Release|Any CPU.Build.0 = Release|Any CPU
		{251D15E5-5C3C-4B43-A1BA-01A08CB23468}.Debug|Any CPU.ActiveCfg = Debug|Any CPU
		{251D15E5-5C3C-4B43-A1BA-01A08CB23468}.Debug|Any CPU.Build.0 = Debug|Any CPU
		{251D15E5-5C3C-4B43-A1BA-01A08CB23468}.Release|Any CPU.ActiveCfg = Release|Any CPU
		{251D15E5-5C3C-4B43-A1BA-01A08CB23468}.Release|Any CPU.Build.0 = Release|Any CPU
		{81F97C27-76BC-4E0F-8165-C13F5DD55891}.Debug|Any CPU.ActiveCfg = Debug|Any CPU
		{81F97C27-76BC-4E0F-8165-C13F5DD55891}.Debug|Any CPU.Build.0 = Debug|Any CPU
		{81F97C27-76BC-4E0F-8165-C13F5DD55891}.Release|Any CPU.ActiveCfg = Release|Any CPU
		{81F97C27-76BC-4E0F-8165-C13F5DD55891}.Release|Any CPU.Build.0 = Release|Any CPU
		{3142A60A-C7F8-4633-B51D-21856DCDA253}.Debug|Any CPU.ActiveCfg = Debug|Any CPU
		{3142A60A-C7F8-4633-B51D-21856DCDA253}.Debug|Any CPU.Build.0 = Debug|Any CPU
		{3142A60A-C7F8-4633-B51D-21856DCDA253}.Release|Any CPU.ActiveCfg = Release|Any CPU
		{3142A60A-C7F8-4633-B51D-21856DCDA253}.Release|Any CPU.Build.0 = Release|Any CPU
		{9B02F144-6C0E-4D28-99AF-662653FC5F9A}.Debug|Any CPU.ActiveCfg = Debug|Any CPU
		{9B02F144-6C0E-4D28-99AF-662653FC5F9A}.Debug|Any CPU.Build.0 = Debug|Any CPU
		{9B02F144-6C0E-4D28-99AF-662653FC5F9A}.Release|Any CPU.ActiveCfg = Release|Any CPU
		{9B02F144-6C0E-4D28-99AF-662653FC5F9A}.Release|Any CPU.Build.0 = Release|Any CPU
	EndGlobalSection
	GlobalSection(SolutionProperties) = preSolution
		HideSolutionNode = FALSE
	EndGlobalSection
	GlobalSection(ExtensibilityGlobals) = postSolution
		SolutionGuid = {F0F25AC8-00CA-4202-B0ED-DE1051E29A61}
	EndGlobalSection
EndGlobal
